
Microsoft Visual Studio Solution File, Format Version 12.00
# Visual Studio 15
VisualStudioVersion = 15.0.28307.757
MinimumVisualStudioVersion = 10.0.40219.1
Project("{FAE04EC0-301F-11D3-BF4B-00C04F79EFBC}") = "G_Hoover.Desktop", "G_Hoover.Desktop\G_Hoover.Desktop.csproj", "{7A24AD95-F83C-4EEF-BD5D-C0F145AF13CF}"
EndProject
Project("{FAE04EC0-301F-11D3-BF4B-00C04F79EFBC}") = "G_Hoover.Services", "G_Hoover.Services\G_Hoover.Services.csproj", "{A68921A8-FA6C-4813-9BA7-DE14F326BEAF}"
EndProject
Project("{9A19103F-16F7-4668-BE54-9A1E7A4F7556}") = "G_Hoover.Tests", "G_Hoover.Tests\G_Hoover.Tests.csproj", "{F57599B8-B66D-4FEA-B63C-0B1232BEFB87}"
EndProject
Project("{FAE04EC0-301F-11D3-BF4B-00C04F79EFBC}") = "G_Hoover.Models", "G_Hoover.Models\G_Hoover.Models.csproj", "{91BB241A-3A6A-4AC3-87A7-EB8BA775E7C6}"
EndProject
Project("{FAE04EC0-301F-11D3-BF4B-00C04F79EFBC}") = "G_Hoover.Events", "G_Hoover.Events\G_Hoover.Events.csproj", "{6F004DB1-BADA-47BB-AB1E-52AA8602E9CC}"
EndProject
Global
	GlobalSection(SolutionConfigurationPlatforms) = preSolution
		Debug|Any CPU = Debug|Any CPU
		Debug|x64 = Debug|x64
		Release|Any CPU = Release|Any CPU
		Release|x64 = Release|x64
	EndGlobalSection
	GlobalSection(ProjectConfigurationPlatforms) = postSolution
		{7A24AD95-F83C-4EEF-BD5D-C0F145AF13CF}.Debug|Any CPU.ActiveCfg = Debug|x64
		{7A24AD95-F83C-4EEF-BD5D-C0F145AF13CF}.Debug|x64.ActiveCfg = Debug|x64
		{7A24AD95-F83C-4EEF-BD5D-C0F145AF13CF}.Debug|x64.Build.0 = Debug|x64
		{7A24AD95-F83C-4EEF-BD5D-C0F145AF13CF}.Release|Any CPU.ActiveCfg = Release|x64
		{7A24AD95-F83C-4EEF-BD5D-C0F145AF13CF}.Release|x64.ActiveCfg = Release|x64
		{7A24AD95-F83C-4EEF-BD5D-C0F145AF13CF}.Release|x64.Build.0 = Release|x64
		{A68921A8-FA6C-4813-9BA7-DE14F326BEAF}.Debug|Any CPU.ActiveCfg = Debug|Any CPU
		{A68921A8-FA6C-4813-9BA7-DE14F326BEAF}.Debug|Any CPU.Build.0 = Debug|Any CPU
		{A68921A8-FA6C-4813-9BA7-DE14F326BEAF}.Debug|x64.ActiveCfg = Debug|x64
		{A68921A8-FA6C-4813-9BA7-DE14F326BEAF}.Debug|x64.Build.0 = Debug|x64
		{A68921A8-FA6C-4813-9BA7-DE14F326BEAF}.Release|Any CPU.ActiveCfg = Release|Any CPU
		{A68921A8-FA6C-4813-9BA7-DE14F326BEAF}.Release|Any CPU.Build.0 = Release|Any CPU
		{A68921A8-FA6C-4813-9BA7-DE14F326BEAF}.Release|x64.ActiveCfg = Release|Any CPU
		{A68921A8-FA6C-4813-9BA7-DE14F326BEAF}.Release|x64.Build.0 = Release|Any CPU
		{F57599B8-B66D-4FEA-B63C-0B1232BEFB87}.Debug|Any CPU.ActiveCfg = Debug|Any CPU
		{F57599B8-B66D-4FEA-B63C-0B1232BEFB87}.Debug|Any CPU.Build.0 = Debug|Any CPU
		{F57599B8-B66D-4FEA-B63C-0B1232BEFB87}.Debug|x64.ActiveCfg = Debug|x64
		{F57599B8-B66D-4FEA-B63C-0B1232BEFB87}.Debug|x64.Build.0 = Debug|x64
		{F57599B8-B66D-4FEA-B63C-0B1232BEFB87}.Release|Any CPU.ActiveCfg = Release|Any CPU
		{F57599B8-B66D-4FEA-B63C-0B1232BEFB87}.Release|Any CPU.Build.0 = Release|Any CPU
		{F57599B8-B66D-4FEA-B63C-0B1232BEFB87}.Release|x64.ActiveCfg = Release|Any CPU
		{F57599B8-B66D-4FEA-B63C-0B1232BEFB87}.Release|x64.Build.0 = Release|Any CPU
		{91BB241A-3A6A-4AC3-87A7-EB8BA775E7C6}.Debug|Any CPU.ActiveCfg = Debug|Any CPU
		{91BB241A-3A6A-4AC3-87A7-EB8BA775E7C6}.Debug|Any CPU.Build.0 = Debug|Any CPU
		{91BB241A-3A6A-4AC3-87A7-EB8BA775E7C6}.Debug|x64.ActiveCfg = Debug|Any CPU
		{91BB241A-3A6A-4AC3-87A7-EB8BA775E7C6}.Debug|x64.Build.0 = Debug|Any CPU
		{91BB241A-3A6A-4AC3-87A7-EB8BA775E7C6}.Release|Any CPU.ActiveCfg = Release|Any CPU
		{91BB241A-3A6A-4AC3-87A7-EB8BA775E7C6}.Release|Any CPU.Build.0 = Release|Any CPU
		{91BB241A-3A6A-4AC3-87A7-EB8BA775E7C6}.Release|x64.ActiveCfg = Release|Any CPU
		{91BB241A-3A6A-4AC3-87A7-EB8BA775E7C6}.Release|x64.Build.0 = Release|Any CPU
		{6F004DB1-BADA-47BB-AB1E-52AA8602E9CC}.Debug|Any CPU.ActiveCfg = Debug|Any CPU
		{6F004DB1-BADA-47BB-AB1E-52AA8602E9CC}.Debug|Any CPU.Build.0 = Debug|Any CPU
		{6F004DB1-BADA-47BB-AB1E-52AA8602E9CC}.Debug|x64.ActiveCfg = Debug|Any CPU
		{6F004DB1-BADA-47BB-AB1E-52AA8602E9CC}.Debug|x64.Build.0 = Debug|Any CPU
		{6F004DB1-BADA-47BB-AB1E-52AA8602E9CC}.Release|Any CPU.ActiveCfg = Release|Any CPU
		{6F004DB1-BADA-47BB-AB1E-52AA8602E9CC}.Release|Any CPU.Build.0 = Release|Any CPU
		{6F004DB1-BADA-47BB-AB1E-52AA8602E9CC}.Release|x64.ActiveCfg = Release|Any CPU
		{6F004DB1-BADA-47BB-AB1E-52AA8602E9CC}.Release|x64.Build.0 = Release|Any CPU
	EndGlobalSection
	GlobalSection(SolutionProperties) = preSolution
		HideSolutionNode = FALSE
	EndGlobalSection
	GlobalSection(ExtensibilityGlobals) = postSolution
		SolutionGuid = {6ACE8398-0A10-461D-9042-59E9D38491F1}
	EndGlobalSection
EndGlobal
